
Microsoft Visual Studio Solution File, Format Version 12.00
# Visual Studio Version 17
VisualStudioVersion = 17.11.35312.102
MinimumVisualStudioVersion = 10.0.40219.1
Project("{9A19103F-16F7-4668-BE54-9A1E7A4F7556}") = "CurriculoWeb", "CurriculoWeb\CurriculoWeb.csproj", "{FA22327A-B82A-49C6-9A10-EB14D76985EF}"
EndProject
Global
	GlobalSection(SolutionConfigurationPlatforms) = preSolution
		Debug|Any CPU = Debug|Any CPU
		Release|Any CPU = Release|Any CPU
	EndGlobalSection
	GlobalSection(ProjectConfigurationPlatforms) = postSolution
		{FA22327A-B82A-49C6-9A10-EB14D76985EF}.Debug|Any CPU.ActiveCfg = Debug|Any CPU
		{FA22327A-B82A-49C6-9A10-EB14D76985EF}.Debug|Any CPU.Build.0 = Debug|Any CPU
		{FA22327A-B82A-49C6-9A10-EB14D76985EF}.Release|Any CPU.ActiveCfg = Release|Any CPU
		{FA22327A-B82A-49C6-9A10-EB14D76985EF}.Release|Any CPU.Build.0 = Release|Any CPU
	EndGlobalSection
	GlobalSection(SolutionProperties) = preSolution
		HideSolutionNode = FALSE
	EndGlobalSection
	GlobalSection(ExtensibilityGlobals) = postSolution
		SolutionGuid = {816169DB-11D0-44C0-BD3C-1E3354D1FA52}
	EndGlobalSection
EndGlobal
